// !$*UTF8*$!
{
	archiveVersion = 1;
	classes = {
	};
	objectVersion = 46;
	objects = {

/* Begin PBXBuildFile section */
		8027524024FC163200BC30B5 /* incorrect-features.txt in Resources */ = {isa = PBXBuildFile; fileRef = 8027523B24FC163200BC30B5 /* incorrect-features.txt */; };
		8027524124FC163200BC30B5 /* incorrect-genres.txt in Resources */ = {isa = PBXBuildFile; fileRef = 8027523C24FC163200BC30B5 /* incorrect-genres.txt */; };
		8027524224FC163200BC30B5 /* incorrect-produced-by.txt in Resources */ = {isa = PBXBuildFile; fileRef = 8027523D24FC163200BC30B5 /* incorrect-produced-by.txt */; };
		8027524324FC163200BC30B5 /* removements.txt in Resources */ = {isa = PBXBuildFile; fileRef = 8027523E24FC163200BC30B5 /* removements.txt */; };
		8027524424FC163200BC30B5 /* replacements.txt in Resources */ = {isa = PBXBuildFile; fileRef = 8027523F24FC163200BC30B5 /* replacements.txt */; };
		8065FED12466A106003B3587 /* main.swift in Sources */ = {isa = PBXBuildFile; fileRef = 80D6CFAC22FCA411004454F6 /* main.swift */; };
		8089CEF523C814BC00513935 /* tag-corrector in CopyFiles */ = {isa = PBXBuildFile; fileRef = 80D6CFAA22FCA411004454F6 /* tag-corrector */; };
		80D6CFAD22FCA411004454F6 /* main.swift in Sources */ = {isa = PBXBuildFile; fileRef = 80D6CFAC22FCA411004454F6 /* main.swift */; };
		80D6CFC122FCBB26004454F6 /* ID3CorrectorTests.swift in Sources */ = {isa = PBXBuildFile; fileRef = 80D6CFC022FCBB26004454F6 /* ID3CorrectorTests.swift */; };
/* End PBXBuildFile section */

/* Begin PBXContainerItemProxy section */
		8027524524FC168100BC30B5 /* PBXContainerItemProxy */ = {
			isa = PBXContainerItemProxy;
			containerPortal = 806354471DB3C45F00E4B78F /* Project object */;
			proxyType = 1;
			remoteGlobalIDString = 80D6CFA922FCA411004454F6;
			remoteInfo = "tag-corrector";
		};
/* End PBXContainerItemProxy section */

/* Begin PBXCopyFilesBuildPhase section */
		8089CEF423C814B200513935 /* CopyFiles */ = {
			isa = PBXCopyFilesBuildPhase;
			buildActionMask = 12;
			dstPath = $HOME/Developer/bin;
			dstSubfolderSpec = 0;
			files = (
				8089CEF523C814BC00513935 /* tag-corrector in CopyFiles */,
			);
			runOnlyForDeploymentPostprocessing = 0;
		};
/* End PBXCopyFilesBuildPhase section */

/* Begin PBXFileReference section */
		8027523B24FC163200BC30B5 /* incorrect-features.txt */ = {isa = PBXFileReference; fileEncoding = 4; lastKnownFileType = text; path = "incorrect-features.txt"; sourceTree = "<group>"; };
		8027523C24FC163200BC30B5 /* incorrect-genres.txt */ = {isa = PBXFileReference; fileEncoding = 4; lastKnownFileType = text; path = "incorrect-genres.txt"; sourceTree = "<group>"; };
		8027523D24FC163200BC30B5 /* incorrect-produced-by.txt */ = {isa = PBXFileReference; fileEncoding = 4; lastKnownFileType = text; path = "incorrect-produced-by.txt"; sourceTree = "<group>"; };
		8027523E24FC163200BC30B5 /* removements.txt */ = {isa = PBXFileReference; fileEncoding = 4; lastKnownFileType = text; path = removements.txt; sourceTree = "<group>"; };
		8027523F24FC163200BC30B5 /* replacements.txt */ = {isa = PBXFileReference; fileEncoding = 4; lastKnownFileType = text; path = replacements.txt; sourceTree = "<group>"; };
		80D6CFAA22FCA411004454F6 /* tag-corrector */ = {isa = PBXFileReference; explicitFileType = "compiled.mach-o.executable"; includeInIndex = 0; path = "tag-corrector"; sourceTree = BUILT_PRODUCTS_DIR; };
		80D6CFAC22FCA411004454F6 /* main.swift */ = {isa = PBXFileReference; lastKnownFileType = sourcecode.swift; path = main.swift; sourceTree = "<group>"; };
		80D6CFBE22FCBB26004454F6 /* ID3TagCorrectorTests.xctest */ = {isa = PBXFileReference; explicitFileType = wrapper.cfbundle; includeInIndex = 0; path = ID3TagCorrectorTests.xctest; sourceTree = BUILT_PRODUCTS_DIR; };
		80D6CFC022FCBB26004454F6 /* ID3CorrectorTests.swift */ = {isa = PBXFileReference; lastKnownFileType = sourcecode.swift; path = ID3CorrectorTests.swift; sourceTree = "<group>"; };
		80D6CFC222FCBB26004454F6 /* Info.plist */ = {isa = PBXFileReference; lastKnownFileType = text.plist.xml; path = Info.plist; sourceTree = "<group>"; };
/* End PBXFileReference section */

/* Begin PBXFrameworksBuildPhase section */
		80D6CFA722FCA411004454F6 /* Frameworks */ = {
			isa = PBXFrameworksBuildPhase;
			buildActionMask = 2147483647;
			files = (
			);
			runOnlyForDeploymentPostprocessing = 0;
		};
		80D6CFBB22FCBB26004454F6 /* Frameworks */ = {
			isa = PBXFrameworksBuildPhase;
			buildActionMask = 2147483647;
			files = (
			);
			runOnlyForDeploymentPostprocessing = 0;
		};
/* End PBXFrameworksBuildPhase section */

/* Begin PBXGroup section */
		8027523A24FC163200BC30B5 /* Test Data */ = {
			isa = PBXGroup;
			children = (
				8027523B24FC163200BC30B5 /* incorrect-features.txt */,
				8027523C24FC163200BC30B5 /* incorrect-genres.txt */,
				8027523D24FC163200BC30B5 /* incorrect-produced-by.txt */,
				8027523E24FC163200BC30B5 /* removements.txt */,
				8027523F24FC163200BC30B5 /* replacements.txt */,
			);
			path = "Test Data";
			sourceTree = "<group>";
		};
		806354461DB3C45F00E4B78F = {
			isa = PBXGroup;
			children = (
				80D6CFAB22FCA411004454F6 /* ID3TagCorrector */,
				80D6CFBF22FCBB26004454F6 /* ID3TagCorrectorTests */,
				806354501DB3C46000E4B78F /* Products */,
			);
			sourceTree = "<group>";
		};
		806354501DB3C46000E4B78F /* Products */ = {
			isa = PBXGroup;
			children = (
				80D6CFAA22FCA411004454F6 /* tag-corrector */,
				80D6CFBE22FCBB26004454F6 /* ID3TagCorrectorTests.xctest */,
			);
			name = Products;
			sourceTree = "<group>";
		};
		80D6CFAB22FCA411004454F6 /* ID3TagCorrector */ = {
			isa = PBXGroup;
			children = (
				80D6CFAC22FCA411004454F6 /* main.swift */,
			);
			path = ID3TagCorrector;
			sourceTree = "<group>";
		};
		80D6CFBF22FCBB26004454F6 /* ID3TagCorrectorTests */ = {
			isa = PBXGroup;
			children = (
				8027523A24FC163200BC30B5 /* Test Data */,
				80D6CFC022FCBB26004454F6 /* ID3CorrectorTests.swift */,
				80D6CFC222FCBB26004454F6 /* Info.plist */,
			);
			path = ID3TagCorrectorTests;
			sourceTree = "<group>";
		};
/* End PBXGroup section */

/* Begin PBXLegacyTarget section */
		8035C23524CF7A47003550B2 /* ID3TagCorrectorDeploy */ = {
			isa = PBXLegacyTarget;
			buildArgumentsString = "$(ACTION)";
			buildConfigurationList = 8035C23824CF7A47003550B2 /* Build configuration list for PBXLegacyTarget "ID3TagCorrectorDeploy" */;
			buildPhases = (
			);
			buildToolPath = /usr/bin/make;
			dependencies = (
			);
			name = ID3TagCorrectorDeploy;
			passBuildSettingsInEnvironment = 1;
			productName = ID3TagCorrectorDeploy;
		};
/* End PBXLegacyTarget section */

/* Begin PBXNativeTarget section */
		80D6CFA922FCA411004454F6 /* tag-corrector */ = {
			isa = PBXNativeTarget;
			buildConfigurationList = 80D6CFAE22FCA411004454F6 /* Build configuration list for PBXNativeTarget "tag-corrector" */;
			buildPhases = (
				80D6CFA622FCA411004454F6 /* Sources */,
				80D6CFA722FCA411004454F6 /* Frameworks */,
				80D6CFB422FCA682004454F6 /* ShellScript */,
				8089CEF423C814B200513935 /* CopyFiles */,
			);
			buildRules = (
			);
			dependencies = (
			);
			name = "tag-corrector";
			productName = "tag-corrector";
			productReference = 80D6CFAA22FCA411004454F6 /* tag-corrector */;
			productType = "com.apple.product-type.tool";
		};
		80D6CFBD22FCBB26004454F6 /* ID3TagCorrectorTests */ = {
			isa = PBXNativeTarget;
			buildConfigurationList = 80D6CFC322FCBB26004454F6 /* Build configuration list for PBXNativeTarget "ID3TagCorrectorTests" */;
			buildPhases = (
				80D6CFBA22FCBB26004454F6 /* Sources */,
				80D6CFBB22FCBB26004454F6 /* Frameworks */,
				80D6CFBC22FCBB26004454F6 /* Resources */,
			);
			buildRules = (
			);
			dependencies = (
				8027524624FC168100BC30B5 /* PBXTargetDependency */,
			);
			name = ID3TagCorrectorTests;
			productName = ID3CorrectorTests;
			productReference = 80D6CFBE22FCBB26004454F6 /* ID3TagCorrectorTests.xctest */;
			productType = "com.apple.product-type.bundle.unit-test";
		};
/* End PBXNativeTarget section */

/* Begin PBXProject section */
		806354471DB3C45F00E4B78F /* Project object */ = {
			isa = PBXProject;
			attributes = {
				LastSwiftUpdateCheck = 1030;
				LastUpgradeCheck = 1130;
				ORGANIZATIONNAME = "Lukas Danckwerth";
				TargetAttributes = {
					8035C23524CF7A47003550B2 = {
						CreatedOnToolsVersion = 11.6;
						DevelopmentTeam = KJ8F2457JT;
						ProvisioningStyle = Automatic;
					};
					80D6CFA922FCA411004454F6 = {
						CreatedOnToolsVersion = 10.3;
						LastSwiftMigration = 1150;
						ProvisioningStyle = Automatic;
					};
					80D6CFBD22FCBB26004454F6 = {
						CreatedOnToolsVersion = 10.3;
						DevelopmentTeam = 9355YBP8MQ;
						LastSwiftMigration = 1130;
						ProvisioningStyle = Automatic;
					};
				};
			};
			buildConfigurationList = 8063544A1DB3C45F00E4B78F /* Build configuration list for PBXProject "ID3TagCorrector" */;
			compatibilityVersion = "Xcode 3.2";
			developmentRegion = en;
			hasScannedForEncodings = 0;
			knownRegions = (
				en,
				Base,
			);
			mainGroup = 806354461DB3C45F00E4B78F;
			productRefGroup = 806354501DB3C46000E4B78F /* Products */;
			projectDirPath = "";
			projectRoot = "";
			targets = (
				80D6CFA922FCA411004454F6 /* tag-corrector */,
				80D6CFBD22FCBB26004454F6 /* ID3TagCorrectorTests */,
				8035C23524CF7A47003550B2 /* ID3TagCorrectorDeploy */,
			);
		};
/* End PBXProject section */

/* Begin PBXResourcesBuildPhase section */
		80D6CFBC22FCBB26004454F6 /* Resources */ = {
			isa = PBXResourcesBuildPhase;
			buildActionMask = 2147483647;
			files = (
				8027524224FC163200BC30B5 /* incorrect-produced-by.txt in Resources */,
				8027524124FC163200BC30B5 /* incorrect-genres.txt in Resources */,
				8027524324FC163200BC30B5 /* removements.txt in Resources */,
				8027524024FC163200BC30B5 /* incorrect-features.txt in Resources */,
				8027524424FC163200BC30B5 /* replacements.txt in Resources */,
			);
			runOnlyForDeploymentPostprocessing = 0;
		};
/* End PBXResourcesBuildPhase section */

/* Begin PBXShellScriptBuildPhase section */
		80D6CFB422FCA682004454F6 /* ShellScript */ = {
			isa = PBXShellScriptBuildPhase;
			buildActionMask = 12;
			files = (
			);
			inputFileListPaths = (
			);
			inputPaths = (
			);
			outputFileListPaths = (
			);
			outputPaths = (
			);
			runOnlyForDeploymentPostprocessing = 0;
			shellPath = /bin/sh;
			shellScript = "# cp $TARGET_BUILD_DIR/tag-corrector\n# cp -R $TARGET_BUILD_DIR/tag_corrector.swiftmodule $PROJECT_DIR/bin\n\n# \n\nSOURCE_PATH=\"$PROJECT_DIR/$PROJECT_NAME/main.swift\"\necho $SOURCE_PATH\n\nTARGET_PATH=\"$HOME/Library/Music/Scripts/tag-corrector\"\necho $TARGET_PATH\n\nrm -rf \"$TARGET_PATH\"\ncp \"$SOURCE_PATH\" \"$TARGET_PATH\"\nchmod +x \"$TARGET_PATH\"\n";
		};
/* End PBXShellScriptBuildPhase section */

/* Begin PBXSourcesBuildPhase section */
		80D6CFA622FCA411004454F6 /* Sources */ = {
			isa = PBXSourcesBuildPhase;
			buildActionMask = 2147483647;
			files = (
				80D6CFAD22FCA411004454F6 /* main.swift in Sources */,
			);
			runOnlyForDeploymentPostprocessing = 0;
		};
		80D6CFBA22FCBB26004454F6 /* Sources */ = {
			isa = PBXSourcesBuildPhase;
			buildActionMask = 2147483647;
			files = (
				8065FED12466A106003B3587 /* main.swift in Sources */,
				80D6CFC122FCBB26004454F6 /* ID3CorrectorTests.swift in Sources */,
			);
			runOnlyForDeploymentPostprocessing = 0;
		};
/* End PBXSourcesBuildPhase section */

/* Begin PBXTargetDependency section */
		8027524624FC168100BC30B5 /* PBXTargetDependency */ = {
			isa = PBXTargetDependency;
			target = 80D6CFA922FCA411004454F6 /* tag-corrector */;
			targetProxy = 8027524524FC168100BC30B5 /* PBXContainerItemProxy */;
		};
/* End PBXTargetDependency section */

/* Begin XCBuildConfiguration section */
		8035C23624CF7A47003550B2 /* Debug */ = {
			isa = XCBuildConfiguration;
			buildSettings = {
				CLANG_ANALYZER_NUMBER_OBJECT_CONVERSION = YES_AGGRESSIVE;
				CLANG_CXX_LANGUAGE_STANDARD = "gnu++14";
				CLANG_ENABLE_OBJC_WEAK = YES;
				CLANG_WARN_UNGUARDED_AVAILABILITY = YES_AGGRESSIVE;
				CODE_SIGN_STYLE = Automatic;
				DEBUGGING_SYMBOLS = YES;
				DEBUG_INFORMATION_FORMAT = dwarf;
				DEVELOPMENT_TEAM = KJ8F2457JT;
				GCC_C_LANGUAGE_STANDARD = gnu11;
				GCC_GENERATE_DEBUGGING_SYMBOLS = YES;
				GCC_OPTIMIZATION_LEVEL = 0;
				MTL_ENABLE_DEBUG_INFO = INCLUDE_SOURCE;
				MTL_FAST_MATH = YES;
				OTHER_CFLAGS = "";
				OTHER_LDFLAGS = "";
				PRODUCT_NAME = "$(TARGET_NAME)";
			};
			name = Debug;
		};
		8035C23724CF7A47003550B2 /* Release */ = {
			isa = XCBuildConfiguration;
			buildSettings = {
				CLANG_ANALYZER_NUMBER_OBJECT_CONVERSION = YES_AGGRESSIVE;
				CLANG_CXX_LANGUAGE_STANDARD = "gnu++14";
				CLANG_ENABLE_OBJC_WEAK = YES;
				CLANG_WARN_UNGUARDED_AVAILABILITY = YES_AGGRESSIVE;
				CODE_SIGN_STYLE = Automatic;
				DEBUG_INFORMATION_FORMAT = "dwarf-with-dsym";
				DEVELOPMENT_TEAM = KJ8F2457JT;
				GCC_C_LANGUAGE_STANDARD = gnu11;
				MTL_FAST_MATH = YES;
				OTHER_CFLAGS = "";
				OTHER_LDFLAGS = "";
				PRODUCT_NAME = "$(TARGET_NAME)";
			};
			name = Release;
		};
		806354541DB3C46000E4B78F /* Debug */ = {
			isa = XCBuildConfiguration;
			buildSettings = {
				ALWAYS_SEARCH_USER_PATHS = NO;
				CLANG_ANALYZER_NONNULL = YES;
				CLANG_CXX_LANGUAGE_STANDARD = "gnu++0x";
				CLANG_CXX_LIBRARY = "libc++";
				CLANG_ENABLE_MODULES = YES;
				CLANG_ENABLE_OBJC_ARC = YES;
				CLANG_WARN_BLOCK_CAPTURE_AUTORELEASING = YES;
				CLANG_WARN_BOOL_CONVERSION = YES;
				CLANG_WARN_COMMA = YES;
				CLANG_WARN_CONSTANT_CONVERSION = YES;
				CLANG_WARN_DEPRECATED_OBJC_IMPLEMENTATIONS = YES;
				CLANG_WARN_DIRECT_OBJC_ISA_USAGE = YES_ERROR;
				CLANG_WARN_DOCUMENTATION_COMMENTS = YES;
				CLANG_WARN_EMPTY_BODY = YES;
				CLANG_WARN_ENUM_CONVERSION = YES;
				CLANG_WARN_INFINITE_RECURSION = YES;
				CLANG_WARN_INT_CONVERSION = YES;
				CLANG_WARN_NON_LITERAL_NULL_CONVERSION = YES;
				CLANG_WARN_OBJC_IMPLICIT_RETAIN_SELF = YES;
				CLANG_WARN_OBJC_LITERAL_CONVERSION = YES;
				CLANG_WARN_OBJC_ROOT_CLASS = YES_ERROR;
				CLANG_WARN_RANGE_LOOP_ANALYSIS = YES;
				CLANG_WARN_STRICT_PROTOTYPES = YES;
				CLANG_WARN_SUSPICIOUS_MOVE = YES;
				CLANG_WARN_SUSPICIOUS_MOVES = YES;
				CLANG_WARN_UNREACHABLE_CODE = YES;
				CLANG_WARN__DUPLICATE_METHOD_MATCH = YES;
				CODE_SIGN_IDENTITY = "-";
				COPY_PHASE_STRIP = NO;
				DEBUG_INFORMATION_FORMAT = dwarf;
				ENABLE_STRICT_OBJC_MSGSEND = YES;
				ENABLE_TESTABILITY = YES;
				GCC_C_LANGUAGE_STANDARD = gnu99;
				GCC_DYNAMIC_NO_PIC = NO;
				GCC_NO_COMMON_BLOCKS = YES;
				GCC_OPTIMIZATION_LEVEL = 0;
				GCC_PREPROCESSOR_DEFINITIONS = (
					"DEBUG=1",
					"$(inherited)",
				);
				GCC_WARN_64_TO_32_BIT_CONVERSION = YES;
				GCC_WARN_ABOUT_RETURN_TYPE = YES_ERROR;
				GCC_WARN_UNDECLARED_SELECTOR = YES;
				GCC_WARN_UNINITIALIZED_AUTOS = YES_AGGRESSIVE;
				GCC_WARN_UNUSED_FUNCTION = YES;
				GCC_WARN_UNUSED_VARIABLE = YES;
				MACOSX_DEPLOYMENT_TARGET = 10.12;
				MTL_ENABLE_DEBUG_INFO = YES;
				ONLY_ACTIVE_ARCH = YES;
				SDKROOT = macosx;
				SWIFT_OPTIMIZATION_LEVEL = "-Onone";
				SWIFT_VERSION = 4.2;
			};
			name = Debug;
		};
		806354551DB3C46000E4B78F /* Release */ = {
			isa = XCBuildConfiguration;
			buildSettings = {
				ALWAYS_SEARCH_USER_PATHS = NO;
				CLANG_ANALYZER_NONNULL = YES;
				CLANG_CXX_LANGUAGE_STANDARD = "gnu++0x";
				CLANG_CXX_LIBRARY = "libc++";
				CLANG_ENABLE_MODULES = YES;
				CLANG_ENABLE_OBJC_ARC = YES;
				CLANG_WARN_BLOCK_CAPTURE_AUTORELEASING = YES;
				CLANG_WARN_BOOL_CONVERSION = YES;
				CLANG_WARN_COMMA = YES;
				CLANG_WARN_CONSTANT_CONVERSION = YES;
				CLANG_WARN_DEPRECATED_OBJC_IMPLEMENTATIONS = YES;
				CLANG_WARN_DIRECT_OBJC_ISA_USAGE = YES_ERROR;
				CLANG_WARN_DOCUMENTATION_COMMENTS = YES;
				CLANG_WARN_EMPTY_BODY = YES;
				CLANG_WARN_ENUM_CONVERSION = YES;
				CLANG_WARN_INFINITE_RECURSION = YES;
				CLANG_WARN_INT_CONVERSION = YES;
				CLANG_WARN_NON_LITERAL_NULL_CONVERSION = YES;
				CLANG_WARN_OBJC_IMPLICIT_RETAIN_SELF = YES;
				CLANG_WARN_OBJC_LITERAL_CONVERSION = YES;
				CLANG_WARN_OBJC_ROOT_CLASS = YES_ERROR;
				CLANG_WARN_RANGE_LOOP_ANALYSIS = YES;
				CLANG_WARN_STRICT_PROTOTYPES = YES;
				CLANG_WARN_SUSPICIOUS_MOVE = YES;
				CLANG_WARN_SUSPICIOUS_MOVES = YES;
				CLANG_WARN_UNREACHABLE_CODE = YES;
				CLANG_WARN__DUPLICATE_METHOD_MATCH = YES;
				CODE_SIGN_IDENTITY = "-";
				COPY_PHASE_STRIP = NO;
				DEBUG_INFORMATION_FORMAT = "dwarf-with-dsym";
				ENABLE_NS_ASSERTIONS = NO;
				ENABLE_STRICT_OBJC_MSGSEND = YES;
				GCC_C_LANGUAGE_STANDARD = gnu99;
				GCC_NO_COMMON_BLOCKS = YES;
				GCC_WARN_64_TO_32_BIT_CONVERSION = YES;
				GCC_WARN_ABOUT_RETURN_TYPE = YES_ERROR;
				GCC_WARN_UNDECLARED_SELECTOR = YES;
				GCC_WARN_UNINITIALIZED_AUTOS = YES_AGGRESSIVE;
				GCC_WARN_UNUSED_FUNCTION = YES;
				GCC_WARN_UNUSED_VARIABLE = YES;
				MACOSX_DEPLOYMENT_TARGET = 10.12;
				MTL_ENABLE_DEBUG_INFO = NO;
				SDKROOT = macosx;
				SWIFT_OPTIMIZATION_LEVEL = "-Owholemodule";
				SWIFT_VERSION = 4.2;
			};
			name = Release;
		};
		80D6CFAF22FCA411004454F6 /* Debug */ = {
			isa = XCBuildConfiguration;
			buildSettings = {
				CLANG_ANALYZER_NUMBER_OBJECT_CONVERSION = YES_AGGRESSIVE;
				CLANG_CXX_LANGUAGE_STANDARD = "gnu++14";
				CLANG_ENABLE_OBJC_WEAK = YES;
				CLANG_WARN_UNGUARDED_AVAILABILITY = YES_AGGRESSIVE;
				CODE_SIGN_IDENTITY = "-";
				CODE_SIGN_STYLE = Automatic;
				GCC_C_LANGUAGE_STANDARD = gnu11;
				MACOSX_DEPLOYMENT_TARGET = 10.14;
				MTL_ENABLE_DEBUG_INFO = INCLUDE_SOURCE;
				MTL_FAST_MATH = YES;
				PRODUCT_NAME = "$(TARGET_NAME)";
				SWIFT_ACTIVE_COMPILATION_CONDITIONS = DEBUG;
				SWIFT_VERSION = 5.0;
			};
			name = Debug;
		};
		80D6CFB022FCA411004454F6 /* Release */ = {
			isa = XCBuildConfiguration;
			buildSettings = {
				CLANG_ANALYZER_NUMBER_OBJECT_CONVERSION = YES_AGGRESSIVE;
				CLANG_CXX_LANGUAGE_STANDARD = "gnu++14";
				CLANG_ENABLE_OBJC_WEAK = YES;
				CLANG_WARN_UNGUARDED_AVAILABILITY = YES_AGGRESSIVE;
				CODE_SIGN_IDENTITY = "-";
				CODE_SIGN_STYLE = Automatic;
				GCC_C_LANGUAGE_STANDARD = gnu11;
				MACOSX_DEPLOYMENT_TARGET = 10.14;
				MTL_FAST_MATH = YES;
				PRODUCT_NAME = "$(TARGET_NAME)";
				SWIFT_VERSION = 5.0;
			};
			name = Release;
		};
		80D6CFC422FCBB26004454F6 /* Debug */ = {
			isa = XCBuildConfiguration;
			buildSettings = {
				CLANG_ANALYZER_NUMBER_OBJECT_CONVERSION = YES_AGGRESSIVE;
				CLANG_CXX_LANGUAGE_STANDARD = "gnu++14";
				CLANG_ENABLE_OBJC_WEAK = YES;
				CLANG_WARN_UNGUARDED_AVAILABILITY = YES_AGGRESSIVE;
				CODE_SIGN_IDENTITY = "Mac Developer";
				CODE_SIGN_STYLE = Automatic;
				COMBINE_HIDPI_IMAGES = YES;
				DEVELOPMENT_TEAM = 9355YBP8MQ;
				GCC_C_LANGUAGE_STANDARD = gnu11;
				INFOPLIST_FILE = ID3TagCorrectorTests/Info.plist;
				LD_RUNPATH_SEARCH_PATHS = "$(inherited) @executable_path/../Frameworks @loader_path/../Frameworks";
				MACOSX_DEPLOYMENT_TARGET = 10.14;
				MTL_ENABLE_DEBUG_INFO = INCLUDE_SOURCE;
				MTL_FAST_MATH = YES;
				PRODUCT_BUNDLE_IDENTIFIER = de.aid.ID3CorrectorTests;
				PRODUCT_NAME = "$(TARGET_NAME)";
				SWIFT_ACTIVE_COMPILATION_CONDITIONS = DEBUG;
				SWIFT_VERSION = 5.0;
			};
			name = Debug;
		};
		80D6CFC522FCBB26004454F6 /* Release */ = {
			isa = XCBuildConfiguration;
			buildSettings = {
				CLANG_ANALYZER_NUMBER_OBJECT_CONVERSION = YES_AGGRESSIVE;
				CLANG_CXX_LANGUAGE_STANDARD = "gnu++14";
				CLANG_ENABLE_OBJC_WEAK = YES;
				CLANG_WARN_UNGUARDED_AVAILABILITY = YES_AGGRESSIVE;
				CODE_SIGN_IDENTITY = "Mac Developer";
				CODE_SIGN_STYLE = Automatic;
				COMBINE_HIDPI_IMAGES = YES;
				DEVELOPMENT_TEAM = 9355YBP8MQ;
				GCC_C_LANGUAGE_STANDARD = gnu11;
				INFOPLIST_FILE = ID3TagCorrectorTests/Info.plist;
				LD_RUNPATH_SEARCH_PATHS = "$(inherited) @executable_path/../Frameworks @loader_path/../Frameworks";
				MACOSX_DEPLOYMENT_TARGET = 10.14;
				MTL_FAST_MATH = YES;
				PRODUCT_BUNDLE_IDENTIFIER = de.aid.ID3CorrectorTests;
				PRODUCT_NAME = "$(TARGET_NAME)";
				SWIFT_VERSION = 5.0;
			};
			name = Release;
		};
/* End XCBuildConfiguration section */

/* Begin XCConfigurationList section */
		8035C23824CF7A47003550B2 /* Build configuration list for PBXLegacyTarget "ID3TagCorrectorDeploy" */ = {
			isa = XCConfigurationList;
			buildConfigurations = (
				8035C23624CF7A47003550B2 /* Debug */,
				8035C23724CF7A47003550B2 /* Release */,
			);
			defaultConfigurationIsVisible = 0;
			defaultConfigurationName = Release;
		};
		8063544A1DB3C45F00E4B78F /* Build configuration list for PBXProject "ID3TagCorrector" */ = {
			isa = XCConfigurationList;
			buildConfigurations = (
				806354541DB3C46000E4B78F /* Debug */,
				806354551DB3C46000E4B78F /* Release */,
			);
			defaultConfigurationIsVisible = 0;
			defaultConfigurationName = Release;
		};
		80D6CFAE22FCA411004454F6 /* Build configuration list for PBXNativeTarget "tag-corrector" */ = {
			isa = XCConfigurationList;
			buildConfigurations = (
				80D6CFAF22FCA411004454F6 /* Debug */,
				80D6CFB022FCA411004454F6 /* Release */,
			);
			defaultConfigurationIsVisible = 0;
			defaultConfigurationName = Release;
		};
		80D6CFC322FCBB26004454F6 /* Build configuration list for PBXNativeTarget "ID3TagCorrectorTests" */ = {
			isa = XCConfigurationList;
			buildConfigurations = (
				80D6CFC422FCBB26004454F6 /* Debug */,
				80D6CFC522FCBB26004454F6 /* Release */,
			);
			defaultConfigurationIsVisible = 0;
			defaultConfigurationName = Release;
		};
/* End XCConfigurationList section */
	};
	rootObject = 806354471DB3C45F00E4B78F /* Project object */;
}
